
Microsoft Visual Studio Solution File, Format Version 12.00
# Visual Studio Version 17
VisualStudioVersion = 17.8.34525.116
MinimumVisualStudioVersion = 10.0.40219.1
Project("{FAE04EC0-301F-11D3-BF4B-00C04F79EFBC}") = "UML2.ConsoleApp", "UML2.ConsoleApp\UML2.ConsoleApp.csproj", "{77FA35B8-9D34-47C2-9E59-5CBA10C5442A}"
EndProject
Global
	GlobalSection(SolutionConfigurationPlatforms) = preSolution
		Debug|Any CPU = Debug|Any CPU
		Release|Any CPU = Release|Any CPU
	EndGlobalSection
	GlobalSection(ProjectConfigurationPlatforms) = postSolution
		{77FA35B8-9D34-47C2-9E59-5CBA10C5442A}.Debug|Any CPU.ActiveCfg = Debug|Any CPU
		{77FA35B8-9D34-47C2-9E59-5CBA10C5442A}.Debug|Any CPU.Build.0 = Debug|Any CPU
		{77FA35B8-9D34-47C2-9E59-5CBA10C5442A}.Release|Any CPU.ActiveCfg = Release|Any CPU
		{77FA35B8-9D34-47C2-9E59-5CBA10C5442A}.Release|Any CPU.Build.0 = Release|Any CPU
	EndGlobalSection
	GlobalSection(SolutionProperties) = preSolution
		HideSolutionNode = FALSE
	EndGlobalSection
	GlobalSection(ExtensibilityGlobals) = postSolution
		SolutionGuid = {CC45AA32-AC9B-45C7-95D8-8325CD7FC518}
	EndGlobalSection
EndGlobal
